{
  "name": "relatable",
  "lockfileVersion": 2,
  "requires": true,
  "packages": {
    "": {
      "dependencies": {
        "exception-error": "^1.0.4"
      }
    },
    "node_modules/exception-error": {
      "version": "1.0.4",
      "resolved": "https://registry.npmjs.org/exception-error/-/exception-error-1.0.4.tgz",
      "integrity": "sha512-4/N5eD28iP3WPJ5YcvXdT9SFBVzRqRGMje3mD9NMSwJbMY30gAcVI5uuWWNtETSm1qcsuRmT3fNnYFWDwVsgmQ==",
      "engines": {
        "node": ">=12.0.0"
      }
    }
  },
  "dependencies": {
    "exception-error": {
      "version": "1.0.4",
      "resolved": "https://registry.npmjs.org/exception-error/-/exception-error-1.0.4.tgz",
      "integrity": "sha512-4/N5eD28iP3WPJ5YcvXdT9SFBVzRqRGMje3mD9NMSwJbMY30gAcVI5uuWWNtETSm1qcsuRmT3fNnYFWDwVsgmQ=="
    }
  }
}
